
Microsoft Visual Studio Solution File, Format Version 12.00
# Visual Studio Version 17
VisualStudioVersion = 17.12.35527.113
MinimumVisualStudioVersion = 10.0.40219.1
Project("{FAE04EC0-301F-11D3-BF4B-00C04F79EFBC}") = "uisample", "uisample\uisample.csproj", "{7FCEAFFB-5B42-4860-8A9D-C89C2114F527}"
EndProject
Global
	GlobalSection(SolutionConfigurationPlatforms) = preSolution
		Debug|Any CPU = Debug|Any CPU
		Release|Any CPU = Release|Any CPU
	EndGlobalSection
	GlobalSection(ProjectConfigurationPlatforms) = postSolution
		{7FCEAFFB-5B42-4860-8A9D-C89C2114F527}.Debug|Any CPU.ActiveCfg = Debug|Any CPU
		{7FCEAFFB-5B42-4860-8A9D-C89C2114F527}.Debug|Any CPU.Build.0 = Debug|Any CPU
		{7FCEAFFB-5B42-4860-8A9D-C89C2114F527}.Release|Any CPU.ActiveCfg = Release|Any CPU
		{7FCEAFFB-5B42-4860-8A9D-C89C2114F527}.Release|Any CPU.Build.0 = Release|Any CPU
	EndGlobalSection
	GlobalSection(SolutionProperties) = preSolution
		HideSolutionNode = FALSE
	EndGlobalSection
EndGlobal
